
Microsoft Visual Studio Solution File, Format Version 12.00
# Visual Studio Version 17
VisualStudioVersion = 17.9.34616.47
MinimumVisualStudioVersion = 10.0.40219.1
Project("{9A19103F-16F7-4668-BE54-9A1E7A4F7556}") = "Trabalho_Agenda_Contatos", "Trabalho_Agenda_Contatos.csproj", "{3FA1789D-258D-4FF4-AB0A-D553FBD75A03}"
EndProject
Project("{2150E333-8FDC-42A3-9474-1A3956D46DE8}") = "Itens de Solução", "Itens de Solução", "{F7C99B99-9793-4B2C-A874-17B7E8789293}"
EndProject
Global
	GlobalSection(SolutionConfigurationPlatforms) = preSolution
		Debug|Any CPU = Debug|Any CPU
		Release|Any CPU = Release|Any CPU
	EndGlobalSection
	GlobalSection(ProjectConfigurationPlatforms) = postSolution
		{3FA1789D-258D-4FF4-AB0A-D553FBD75A03}.Debug|Any CPU.ActiveCfg = Debug|Any CPU
		{3FA1789D-258D-4FF4-AB0A-D553FBD75A03}.Debug|Any CPU.Build.0 = Debug|Any CPU
		{3FA1789D-258D-4FF4-AB0A-D553FBD75A03}.Release|Any CPU.ActiveCfg = Release|Any CPU
		{3FA1789D-258D-4FF4-AB0A-D553FBD75A03}.Release|Any CPU.Build.0 = Release|Any CPU
	EndGlobalSection
	GlobalSection(SolutionProperties) = preSolution
		HideSolutionNode = FALSE
	EndGlobalSection
	GlobalSection(ExtensibilityGlobals) = postSolution
		SolutionGuid = {F82BADF1-7B3B-436A-B025-A0AF6DE5E84F}
	EndGlobalSection
EndGlobal
